// !$*UTF8*$!
{
	archiveVersion = 1;
	classes = {
	};
	objectVersion = 46;
	objects = {

/* Begin PBXBuildFile section */
		D2B08B7B14F41C4400E04BE8 /* Location.m in Sources */ = {isa = PBXBuildFile; fileRef = D2B08B7A14F41C4400E04BE8 /* Location.m */; };
		D2B9C9EF14F0A3D6005AB720 /* world@2x.png in Resources */ = {isa = PBXBuildFile; fileRef = D2B9C9EE14F0A3D6005AB720 /* world@2x.png */; };
		D2B9C9F114F0A3EE005AB720 /* world.png in Resources */ = {isa = PBXBuildFile; fileRef = D2B9C9F014F0A3EE005AB720 /* world.png */; };
		D2B9C9F314F0A425005AB720 /* star.png in Resources */ = {isa = PBXBuildFile; fileRef = D2B9C9F214F0A425005AB720 /* star.png */; };
		D2B9C9F514F0A444005AB720 /* star@2x.png in Resources */ = {isa = PBXBuildFile; fileRef = D2B9C9F414F0A444005AB720 /* star@2x.png */; };
		D2B9C9F714F0A49E005AB720 /* PlacesViewController.m in Sources */ = {isa = PBXBuildFile; fileRef = D2B9C9F614F0A49E005AB720 /* PlacesViewController.m */; };
		D2B9C9FA14F0A635005AB720 /* house@2x.png in Resources */ = {isa = PBXBuildFile; fileRef = D2B9C9F914F0A635005AB720 /* house@2x.png */; };
		D2B9C9FC14F0A665005AB720 /* house.png in Resources */ = {isa = PBXBuildFile; fileRef = D2B9C9FB14F0A665005AB720 /* house.png */; };
		D2C5A0AF14ED8D6300F365C1 /* UIKit.framework in Frameworks */ = {isa = PBXBuildFile; fileRef = D2C5A0AE14ED8D6300F365C1 /* UIKit.framework */; };
		D2C5A0B114ED8D6300F365C1 /* Foundation.framework in Frameworks */ = {isa = PBXBuildFile; fileRef = D2C5A0B014ED8D6300F365C1 /* Foundation.framework */; };
		D2C5A0B314ED8D6300F365C1 /* CoreGraphics.framework in Frameworks */ = {isa = PBXBuildFile; fileRef = D2C5A0B214ED8D6300F365C1 /* CoreGraphics.framework */; };
		D2C5A0B914ED8D6300F365C1 /* InfoPlist.strings in Resources */ = {isa = PBXBuildFile; fileRef = D2C5A0B714ED8D6300F365C1 /* InfoPlist.strings */; };
		D2C5A0BB14ED8D6300F365C1 /* main.m in Sources */ = {isa = PBXBuildFile; fileRef = D2C5A0BA14ED8D6300F365C1 /* main.m */; };
		D2C5A0BF14ED8D6300F365C1 /* GuideAppDelegate.m in Sources */ = {isa = PBXBuildFile; fileRef = D2C5A0BE14ED8D6300F365C1 /* GuideAppDelegate.m */; };
		D2C5A0C214ED8D6300F365C1 /* MainStoryboard.storyboard in Resources */ = {isa = PBXBuildFile; fileRef = D2C5A0C014ED8D6300F365C1 /* MainStoryboard.storyboard */; };
		D2C5A0C514ED8D6300F365C1 /* TourViewController.m in Sources */ = {isa = PBXBuildFile; fileRef = D2C5A0C414ED8D6300F365C1 /* TourViewController.m */; };
		D2C5A0C714ED8D6300F365C1 /* first.png in Resources */ = {isa = PBXBuildFile; fileRef = D2C5A0C614ED8D6300F365C1 /* first.png */; };
		D2C5A0C914ED8D6300F365C1 /* first@2x.png in Resources */ = {isa = PBXBuildFile; fileRef = D2C5A0C814ED8D6300F365C1 /* first@2x.png */; };
		D2C5A0CC14ED8D6300F365C1 /* AgendaViewController.m in Sources */ = {isa = PBXBuildFile; fileRef = D2C5A0CB14ED8D6300F365C1 /* AgendaViewController.m */; };
		D2C5A0CE14ED8D6300F365C1 /* second.png in Resources */ = {isa = PBXBuildFile; fileRef = D2C5A0CD14ED8D6300F365C1 /* second.png */; };
		D2C5A0D014ED8D6300F365C1 /* second@2x.png in Resources */ = {isa = PBXBuildFile; fileRef = D2C5A0CF14ED8D6300F365C1 /* second@2x.png */; };
		D2F4A68A14F3532D00EDD0B6 /* LocationDetailController.m in Sources */ = {isa = PBXBuildFile; fileRef = D2F4A68914F3532D00EDD0B6 /* LocationDetailController.m */; };
/* End PBXBuildFile section */

/* Begin PBXFileReference section */
		D2B08B7914F41C4400E04BE8 /* Location.h */ = {isa = PBXFileReference; fileEncoding = 4; lastKnownFileType = sourcecode.c.h; path = Location.h; sourceTree = "<group>"; };
		D2B08B7A14F41C4400E04BE8 /* Location.m */ = {isa = PBXFileReference; fileEncoding = 4; lastKnownFileType = sourcecode.c.objc; path = Location.m; sourceTree = "<group>"; };
		D2B9C9EE14F0A3D6005AB720 /* world@2x.png */ = {isa = PBXFileReference; lastKnownFileType = image.png; path = "world@2x.png"; sourceTree = "<group>"; };
		D2B9C9F014F0A3EE005AB720 /* world.png */ = {isa = PBXFileReference; lastKnownFileType = image.png; path = world.png; sourceTree = "<group>"; };
		D2B9C9F214F0A425005AB720 /* star.png */ = {isa = PBXFileReference; lastKnownFileType = image.png; path = star.png; sourceTree = "<group>"; };
		D2B9C9F414F0A444005AB720 /* star@2x.png */ = {isa = PBXFileReference; lastKnownFileType = image.png; path = "star@2x.png"; sourceTree = "<group>"; };
		D2B9C9F614F0A49E005AB720 /* PlacesViewController.m */ = {isa = PBXFileReference; fileEncoding = 4; lastKnownFileType = sourcecode.c.objc; path = PlacesViewController.m; sourceTree = "<group>"; };
		D2B9C9F814F0A4AF005AB720 /* PlacesViewController.h */ = {isa = PBXFileReference; fileEncoding = 4; lastKnownFileType = sourcecode.c.h; path = PlacesViewController.h; sourceTree = "<group>"; };
		D2B9C9F914F0A635005AB720 /* house@2x.png */ = {isa = PBXFileReference; lastKnownFileType = image.png; path = "house@2x.png"; sourceTree = "<group>"; };
		D2B9C9FB14F0A665005AB720 /* house.png */ = {isa = PBXFileReference; lastKnownFileType = image.png; path = house.png; sourceTree = "<group>"; };
		D2C5A0AA14ED8D6300F365C1 /* MobileTourGuide.app */ = {isa = PBXFileReference; explicitFileType = wrapper.application; includeInIndex = 0; path = MobileTourGuide.app; sourceTree = BUILT_PRODUCTS_DIR; };
		D2C5A0AE14ED8D6300F365C1 /* UIKit.framework */ = {isa = PBXFileReference; lastKnownFileType = wrapper.framework; name = UIKit.framework; path = System/Library/Frameworks/UIKit.framework; sourceTree = SDKROOT; };
		D2C5A0B014ED8D6300F365C1 /* Foundation.framework */ = {isa = PBXFileReference; lastKnownFileType = wrapper.framework; name = Foundation.framework; path = System/Library/Frameworks/Foundation.framework; sourceTree = SDKROOT; };
		D2C5A0B214ED8D6300F365C1 /* CoreGraphics.framework */ = {isa = PBXFileReference; lastKnownFileType = wrapper.framework; name = CoreGraphics.framework; path = System/Library/Frameworks/CoreGraphics.framework; sourceTree = SDKROOT; };
		D2C5A0B614ED8D6300F365C1 /* MobileTourGuide-Info.plist */ = {isa = PBXFileReference; lastKnownFileType = text.plist.xml; path = "MobileTourGuide-Info.plist"; sourceTree = "<group>"; };
		D2C5A0B814ED8D6300F365C1 /* en */ = {isa = PBXFileReference; lastKnownFileType = text.plist.strings; name = en; path = en.lproj/InfoPlist.strings; sourceTree = "<group>"; };
		D2C5A0BA14ED8D6300F365C1 /* main.m */ = {isa = PBXFileReference; lastKnownFileType = sourcecode.c.objc; path = main.m; sourceTree = "<group>"; };
		D2C5A0BC14ED8D6300F365C1 /* MobileTourGuide-Prefix.pch */ = {isa = PBXFileReference; lastKnownFileType = sourcecode.c.h; path = "MobileTourGuide-Prefix.pch"; sourceTree = "<group>"; };
		D2C5A0BD14ED8D6300F365C1 /* GuideAppDelegate.h */ = {isa = PBXFileReference; lastKnownFileType = sourcecode.c.h; path = GuideAppDelegate.h; sourceTree = "<group>"; };
		D2C5A0BE14ED8D6300F365C1 /* GuideAppDelegate.m */ = {isa = PBXFileReference; lastKnownFileType = sourcecode.c.objc; path = GuideAppDelegate.m; sourceTree = "<group>"; };
		D2C5A0C114ED8D6300F365C1 /* en */ = {isa = PBXFileReference; lastKnownFileType = file.storyboard; name = en; path = en.lproj/MainStoryboard.storyboard; sourceTree = "<group>"; };
		D2C5A0C314ED8D6300F365C1 /* TourViewController.h */ = {isa = PBXFileReference; lastKnownFileType = sourcecode.c.h; path = TourViewController.h; sourceTree = "<group>"; };
		D2C5A0C414ED8D6300F365C1 /* TourViewController.m */ = {isa = PBXFileReference; lastKnownFileType = sourcecode.c.objc; path = TourViewController.m; sourceTree = "<group>"; };
		D2C5A0C614ED8D6300F365C1 /* first.png */ = {isa = PBXFileReference; lastKnownFileType = image.png; path = first.png; sourceTree = "<group>"; };
		D2C5A0C814ED8D6300F365C1 /* first@2x.png */ = {isa = PBXFileReference; lastKnownFileType = image.png; path = "first@2x.png"; sourceTree = "<group>"; };
		D2C5A0CA14ED8D6300F365C1 /* AgendaViewController.h */ = {isa = PBXFileReference; lastKnownFileType = sourcecode.c.h; path = AgendaViewController.h; sourceTree = "<group>"; };
		D2C5A0CB14ED8D6300F365C1 /* AgendaViewController.m */ = {isa = PBXFileReference; lastKnownFileType = sourcecode.c.objc; path = AgendaViewController.m; sourceTree = "<group>"; };
		D2C5A0CD14ED8D6300F365C1 /* second.png */ = {isa = PBXFileReference; lastKnownFileType = image.png; path = second.png; sourceTree = "<group>"; };
		D2C5A0CF14ED8D6300F365C1 /* second@2x.png */ = {isa = PBXFileReference; lastKnownFileType = image.png; path = "second@2x.png"; sourceTree = "<group>"; };
		D2F4A68814F3532D00EDD0B6 /* LocationDetailController.h */ = {isa = PBXFileReference; fileEncoding = 4; lastKnownFileType = sourcecode.c.h; path = LocationDetailController.h; sourceTree = "<group>"; };
		D2F4A68914F3532D00EDD0B6 /* LocationDetailController.m */ = {isa = PBXFileReference; fileEncoding = 4; lastKnownFileType = sourcecode.c.objc; path = LocationDetailController.m; sourceTree = "<group>"; };
/* End PBXFileReference section */

/* Begin PBXFrameworksBuildPhase section */
		D2C5A0A714ED8D6300F365C1 /* Frameworks */ = {
			isa = PBXFrameworksBuildPhase;
			buildActionMask = 2147483647;
			files = (
				D2C5A0AF14ED8D6300F365C1 /* UIKit.framework in Frameworks */,
				D2C5A0B114ED8D6300F365C1 /* Foundation.framework in Frameworks */,
				D2C5A0B314ED8D6300F365C1 /* CoreGraphics.framework in Frameworks */,
			);
			runOnlyForDeploymentPostprocessing = 0;
		};
/* End PBXFrameworksBuildPhase section */

/* Begin PBXGroup section */
		D2B08B6714F3536700E04BE8 /* GUI */ = {
			isa = PBXGroup;
			children = (
				D2F4A68914F3532D00EDD0B6 /* LocationDetailController.m */,
				D2F4A68814F3532D00EDD0B6 /* LocationDetailController.h */,
				D2C5A0C314ED8D6300F365C1 /* TourViewController.h */,
				D2C5A0C414ED8D6300F365C1 /* TourViewController.m */,
				D2B9C9F814F0A4AF005AB720 /* PlacesViewController.h */,
				D2B9C9F614F0A49E005AB720 /* PlacesViewController.m */,
				D2C5A0CA14ED8D6300F365C1 /* AgendaViewController.h */,
				D2C5A0CB14ED8D6300F365C1 /* AgendaViewController.m */,
			);
			name = GUI;
			sourceTree = "<group>";
		};
		D2B08B6814F3537900E04BE8 /* Model */ = {
			isa = PBXGroup;
			children = (
				D2C5A0BD14ED8D6300F365C1 /* GuideAppDelegate.h */,
				D2C5A0BE14ED8D6300F365C1 /* GuideAppDelegate.m */,
				D2B08B7914F41C4400E04BE8 /* Location.h */,
				D2B08B7A14F41C4400E04BE8 /* Location.m */,
			);
			name = Model;
			sourceTree = "<group>";
		};
		D2B08B6914F3538E00E04BE8 /* Resources */ = {
			isa = PBXGroup;
			children = (
				D2B9C9FB14F0A665005AB720 /* house.png */,
				D2B9C9F914F0A635005AB720 /* house@2x.png */,
				D2B9C9F414F0A444005AB720 /* star@2x.png */,
				D2B9C9F214F0A425005AB720 /* star.png */,
				D2B9C9F014F0A3EE005AB720 /* world.png */,
				D2B9C9EE14F0A3D6005AB720 /* world@2x.png */,
				D2C5A0C614ED8D6300F365C1 /* first.png */,
				D2C5A0C814ED8D6300F365C1 /* first@2x.png */,
				D2C5A0CD14ED8D6300F365C1 /* second.png */,
				D2C5A0CF14ED8D6300F365C1 /* second@2x.png */,
			);
			name = Resources;
			sourceTree = "<group>";
		};
		D2C5A09F14ED8D6300F365C1 = {
			isa = PBXGroup;
			children = (
				D2C5A0B414ED8D6300F365C1 /* MobileTourGuide */,
				D2C5A0AD14ED8D6300F365C1 /* Frameworks */,
				D2C5A0AB14ED8D6300F365C1 /* Products */,
			);
			sourceTree = "<group>";
		};
		D2C5A0AB14ED8D6300F365C1 /* Products */ = {
			isa = PBXGroup;
			children = (
				D2C5A0AA14ED8D6300F365C1 /* MobileTourGuide.app */,
			);
			name = Products;
			sourceTree = "<group>";
		};
		D2C5A0AD14ED8D6300F365C1 /* Frameworks */ = {
			isa = PBXGroup;
			children = (
				D2C5A0AE14ED8D6300F365C1 /* UIKit.framework */,
				D2C5A0B014ED8D6300F365C1 /* Foundation.framework */,
				D2C5A0B214ED8D6300F365C1 /* CoreGraphics.framework */,
			);
			name = Frameworks;
			sourceTree = "<group>";
		};
		D2C5A0B414ED8D6300F365C1 /* MobileTourGuide */ = {
			isa = PBXGroup;
			children = (
				D2B08B6714F3536700E04BE8 /* GUI */,
				D2B08B6814F3537900E04BE8 /* Model */,
				D2B08B6914F3538E00E04BE8 /* Resources */,
				D2C5A0C014ED8D6300F365C1 /* MainStoryboard.storyboard */,
				D2C5A0B514ED8D6300F365C1 /* Supporting Files */,
			);
			path = MobileTourGuide;
			sourceTree = "<group>";
		};
		D2C5A0B514ED8D6300F365C1 /* Supporting Files */ = {
			isa = PBXGroup;
			children = (
				D2C5A0B614ED8D6300F365C1 /* MobileTourGuide-Info.plist */,
				D2C5A0B714ED8D6300F365C1 /* InfoPlist.strings */,
				D2C5A0BA14ED8D6300F365C1 /* main.m */,
				D2C5A0BC14ED8D6300F365C1 /* MobileTourGuide-Prefix.pch */,
			);
			name = "Supporting Files";
			sourceTree = "<group>";
		};
/* End PBXGroup section */

/* Begin PBXNativeTarget section */
		D2C5A0A914ED8D6300F365C1 /* MobileTourGuide */ = {
			isa = PBXNativeTarget;
			buildConfigurationList = D2C5A0D314ED8D6300F365C1 /* Build configuration list for PBXNativeTarget "MobileTourGuide" */;
			buildPhases = (
				D2C5A0A614ED8D6300F365C1 /* Sources */,
				D2C5A0A714ED8D6300F365C1 /* Frameworks */,
				D2C5A0A814ED8D6300F365C1 /* Resources */,
			);
			buildRules = (
			);
			dependencies = (
			);
			name = MobileTourGuide;
			productName = MobileTourGuide;
			productReference = D2C5A0AA14ED8D6300F365C1 /* MobileTourGuide.app */;
			productType = "com.apple.product-type.application";
		};
/* End PBXNativeTarget section */

/* Begin PBXProject section */
		D2C5A0A114ED8D6300F365C1 /* Project object */ = {
			isa = PBXProject;
			attributes = {
				LastUpgradeCheck = 0420;
				ORGANIZATIONNAME = "Vanderbilt University";
			};
			buildConfigurationList = D2C5A0A414ED8D6300F365C1 /* Build configuration list for PBXProject "MobileTourGuide" */;
			compatibilityVersion = "Xcode 3.2";
			developmentRegion = English;
			hasScannedForEncodings = 0;
			knownRegions = (
				en,
			);
			mainGroup = D2C5A09F14ED8D6300F365C1;
			productRefGroup = D2C5A0AB14ED8D6300F365C1 /* Products */;
			projectDirPath = "";
			projectRoot = "";
			targets = (
				D2C5A0A914ED8D6300F365C1 /* MobileTourGuide */,
			);
		};
/* End PBXProject section */

/* Begin PBXResourcesBuildPhase section */
		D2C5A0A814ED8D6300F365C1 /* Resources */ = {
			isa = PBXResourcesBuildPhase;
			buildActionMask = 2147483647;
			files = (
				D2C5A0B914ED8D6300F365C1 /* InfoPlist.strings in Resources */,
				D2C5A0C214ED8D6300F365C1 /* MainStoryboard.storyboard in Resources */,
				D2C5A0C714ED8D6300F365C1 /* first.png in Resources */,
				D2C5A0C914ED8D6300F365C1 /* first@2x.png in Resources */,
				D2C5A0CE14ED8D6300F365C1 /* second.png in Resources */,
				D2C5A0D014ED8D6300F365C1 /* second@2x.png in Resources */,
				D2B9C9EF14F0A3D6005AB720 /* world@2x.png in Resources */,
				D2B9C9F114F0A3EE005AB720 /* world.png in Resources */,
				D2B9C9F314F0A425005AB720 /* star.png in Resources */,
				D2B9C9F514F0A444005AB720 /* star@2x.png in Resources */,
				D2B9C9FA14F0A635005AB720 /* house@2x.png in Resources */,
				D2B9C9FC14F0A665005AB720 /* house.png in Resources */,
			);
			runOnlyForDeploymentPostprocessing = 0;
		};
/* End PBXResourcesBuildPhase section */

/* Begin PBXSourcesBuildPhase section */
		D2C5A0A614ED8D6300F365C1 /* Sources */ = {
			isa = PBXSourcesBuildPhase;
			buildActionMask = 2147483647;
			files = (
				D2C5A0BB14ED8D6300F365C1 /* main.m in Sources */,
				D2C5A0BF14ED8D6300F365C1 /* GuideAppDelegate.m in Sources */,
				D2C5A0C514ED8D6300F365C1 /* TourViewController.m in Sources */,
				D2C5A0CC14ED8D6300F365C1 /* AgendaViewController.m in Sources */,
				D2B9C9F714F0A49E005AB720 /* PlacesViewController.m in Sources */,
				D2F4A68A14F3532D00EDD0B6 /* LocationDetailController.m in Sources */,
				D2B08B7B14F41C4400E04BE8 /* Location.m in Sources */,
			);
			runOnlyForDeploymentPostprocessing = 0;
		};
/* End PBXSourcesBuildPhase section */

/* Begin PBXVariantGroup section */
		D2C5A0B714ED8D6300F365C1 /* InfoPlist.strings */ = {
			isa = PBXVariantGroup;
			children = (
				D2C5A0B814ED8D6300F365C1 /* en */,
			);
			name = InfoPlist.strings;
			sourceTree = "<group>";
		};
		D2C5A0C014ED8D6300F365C1 /* MainStoryboard.storyboard */ = {
			isa = PBXVariantGroup;
			children = (
				D2C5A0C114ED8D6300F365C1 /* en */,
			);
			name = MainStoryboard.storyboard;
			sourceTree = "<group>";
		};
/* End PBXVariantGroup section */

/* Begin XCBuildConfiguration section */
		D2C5A0D114ED8D6300F365C1 /* Debug */ = {
			isa = XCBuildConfiguration;
			buildSettings = {
				ALWAYS_SEARCH_USER_PATHS = NO;
				ARCHS = "$(ARCHS_STANDARD_32_BIT)";
				CLANG_ENABLE_OBJC_ARC = YES;
				"CODE_SIGN_IDENTITY[sdk=iphoneos*]" = "iPhone Developer";
				COPY_PHASE_STRIP = NO;
				GCC_C_LANGUAGE_STANDARD = gnu99;
				GCC_DYNAMIC_NO_PIC = NO;
				GCC_OPTIMIZATION_LEVEL = 0;
				GCC_PREPROCESSOR_DEFINITIONS = (
					"DEBUG=1",
					"$(inherited)",
				);
				GCC_SYMBOLS_PRIVATE_EXTERN = NO;
				GCC_VERSION = com.apple.compilers.llvm.clang.1_0;
				GCC_WARN_ABOUT_MISSING_PROTOTYPES = YES;
				GCC_WARN_ABOUT_RETURN_TYPE = YES;
				GCC_WARN_UNUSED_VARIABLE = YES;
				IPHONEOS_DEPLOYMENT_TARGET = 5.0;
				SDKROOT = iphoneos;
			};
			name = Debug;
		};
		D2C5A0D214ED8D6300F365C1 /* Release */ = {
			isa = XCBuildConfiguration;
			buildSettings = {
				ALWAYS_SEARCH_USER_PATHS = NO;
				ARCHS = "$(ARCHS_STANDARD_32_BIT)";
				CLANG_ENABLE_OBJC_ARC = YES;
				"CODE_SIGN_IDENTITY[sdk=iphoneos*]" = "iPhone Developer";
				COPY_PHASE_STRIP = YES;
				GCC_C_LANGUAGE_STANDARD = gnu99;
				GCC_VERSION = com.apple.compilers.llvm.clang.1_0;
				GCC_WARN_ABOUT_MISSING_PROTOTYPES = YES;
				GCC_WARN_ABOUT_RETURN_TYPE = YES;
				GCC_WARN_UNUSED_VARIABLE = YES;
				IPHONEOS_DEPLOYMENT_TARGET = 5.0;
				OTHER_CFLAGS = "-DNS_BLOCK_ASSERTIONS=1";
				SDKROOT = iphoneos;
				VALIDATE_PRODUCT = YES;
			};
			name = Release;
		};
		D2C5A0D414ED8D6300F365C1 /* Debug */ = {
			isa = XCBuildConfiguration;
			buildSettings = {
				GCC_PRECOMPILE_PREFIX_HEADER = YES;
				GCC_PREFIX_HEADER = "MobileTourGuide/MobileTourGuide-Prefix.pch";
				INFOPLIST_FILE = "MobileTourGuide/MobileTourGuide-Info.plist";
				IPHONEOS_DEPLOYMENT_TARGET = 5.0;
				PRODUCT_NAME = "$(TARGET_NAME)";
				TARGETED_DEVICE_FAMILY = 1;
				WRAPPER_EXTENSION = app;
			};
			name = Debug;
		};
		D2C5A0D514ED8D6300F365C1 /* Release */ = {
			isa = XCBuildConfiguration;
			buildSettings = {
				GCC_PRECOMPILE_PREFIX_HEADER = YES;
				GCC_PREFIX_HEADER = "MobileTourGuide/MobileTourGuide-Prefix.pch";
				INFOPLIST_FILE = "MobileTourGuide/MobileTourGuide-Info.plist";
				IPHONEOS_DEPLOYMENT_TARGET = 5.0;
				PRODUCT_NAME = "$(TARGET_NAME)";
				TARGETED_DEVICE_FAMILY = 1;
				WRAPPER_EXTENSION = app;
			};
			name = Release;
		};
/* End XCBuildConfiguration section */

/* Begin XCConfigurationList section */
		D2C5A0A414ED8D6300F365C1 /* Build configuration list for PBXProject "MobileTourGuide" */ = {
			isa = XCConfigurationList;
			buildConfigurations = (
				D2C5A0D114ED8D6300F365C1 /* Debug */,
				D2C5A0D214ED8D6300F365C1 /* Release */,
			);
			defaultConfigurationIsVisible = 0;
			defaultConfigurationName = Release;
		};
		D2C5A0D314ED8D6300F365C1 /* Build configuration list for PBXNativeTarget "MobileTourGuide" */ = {
			isa = XCConfigurationList;
			buildConfigurations = (
				D2C5A0D414ED8D6300F365C1 /* Debug */,
				D2C5A0D514ED8D6300F365C1 /* Release */,
			);
			defaultConfigurationIsVisible = 0;
			defaultConfigurationName = Release;
		};
/* End XCConfigurationList section */
	};
	rootObject = D2C5A0A114ED8D6300F365C1 /* Project object */;
}
